
Microsoft Visual Studio Solution File, Format Version 12.00
# Visual Studio 15
VisualStudioVersion = 15.0.28307.136
MinimumVisualStudioVersion = 10.0.40219.1
Project("{FAE04EC0-301F-11D3-BF4B-00C04F79EFBC}") = "GuestRequest", "GuestRequest\GuestRequest.csproj", "{9D1E45CD-F80E-4BA8-98BD-BB4102854EE2}"
EndProject
Global
	GlobalSection(SolutionConfigurationPlatforms) = preSolution
		Debug|Any CPU = Debug|Any CPU
		Release|Any CPU = Release|Any CPU
	EndGlobalSection
	GlobalSection(ProjectConfigurationPlatforms) = postSolution
		{9D1E45CD-F80E-4BA8-98BD-BB4102854EE2}.Debug|Any CPU.ActiveCfg = Debug|Any CPU
		{9D1E45CD-F80E-4BA8-98BD-BB4102854EE2}.Debug|Any CPU.Build.0 = Debug|Any CPU
		{9D1E45CD-F80E-4BA8-98BD-BB4102854EE2}.Release|Any CPU.ActiveCfg = Release|Any CPU
		{9D1E45CD-F80E-4BA8-98BD-BB4102854EE2}.Release|Any CPU.Build.0 = Release|Any CPU
	EndGlobalSection
	GlobalSection(SolutionProperties) = preSolution
		HideSolutionNode = FALSE
	EndGlobalSection
	GlobalSection(ExtensibilityGlobals) = postSolution
		SolutionGuid = {50E679FB-A8AA-4956-A5E7-7A45185E86E5}
	EndGlobalSection
EndGlobal
